github.com/odwrtw/transmission v0.0.0-20191103153330-cbf08fea0b8c h1:A9cGpEYv1vbK4NjkKVbGQ80/h8AJMsuvgRmy1erWnDY=
github.com/odwrtw/transmission v0.0.0-20191103153330-cbf08fea0b8c/go.mod h1:geyfqmhRrxMwbEo5RPwf5rw5vITQHHQlA7+azUQSIJM=
github.com/odwrtw/transmission v0.0.0-20211003115842-e3a58d4370e9 h1:NSa4mJd4CoTH+gqZOP+6WDxO1qroP/36EyedaTXYq6A=
github.com/odwrtw/transmission v0.0.0-20211003115842-e3a58d4370e9/go.mod h1:o+HdjqpVQPFqVTG4jncidwE0/cQoAfCJ4JMFaB481xc=
